
Microsoft Visual Studio Solution File, Format Version 12.00
# Visual Studio Version 17
VisualStudioVersion = 17.7.34031.279
MinimumVisualStudioVersion = 10.0.40219.1
Project("{FAE04EC0-301F-11D3-BF4B-00C04F79EFBC}") = "MyClasses", "MyClasses\MyClasses.csproj", "{D952EB61-4E71-4D8A-9E9C-62B1453C9818}"
EndProject
Global
	GlobalSection(SolutionConfigurationPlatforms) = preSolution
		Debug|Any CPU = Debug|Any CPU
		Release|Any CPU = Release|Any CPU
	EndGlobalSection
	GlobalSection(ProjectConfigurationPlatforms) = postSolution
		{D952EB61-4E71-4D8A-9E9C-62B1453C9818}.Debug|Any CPU.ActiveCfg = Debug|Any CPU
		{D952EB61-4E71-4D8A-9E9C-62B1453C9818}.Debug|Any CPU.Build.0 = Debug|Any CPU
		{D952EB61-4E71-4D8A-9E9C-62B1453C9818}.Release|Any CPU.ActiveCfg = Release|Any CPU
		{D952EB61-4E71-4D8A-9E9C-62B1453C9818}.Release|Any CPU.Build.0 = Release|Any CPU
	EndGlobalSection
	GlobalSection(SolutionProperties) = preSolution
		HideSolutionNode = FALSE
	EndGlobalSection
	GlobalSection(ExtensibilityGlobals) = postSolution
		SolutionGuid = {F530594A-489D-4323-8F68-CF3C827EF9CC}
	EndGlobalSection
EndGlobal
